
Microsoft Visual Studio Solution File, Format Version 12.00
# Visual Studio Version 17
VisualStudioVersion = 17.12.35527.113
MinimumVisualStudioVersion = 10.0.40219.1
Project("{FAE04EC0-301F-11D3-BF4B-00C04F79EFBC}") = "GameCatalog_V2.WebApp", "GameCatalog_V2.WebApp\GameCatalog_V2.WebApp.csproj", "{8D6611C5-42B4-4582-921A-879A5DA0FDEE}"
EndProject
Project("{FAE04EC0-301F-11D3-BF4B-00C04F79EFBC}") = "GameCatalog_V2.Core", "GameCatalog_V2.Core\GameCatalog_V2.Core.csproj", "{AAE6CB1E-AB0A-4DEE-9E7A-9D66BBBB3969}"
EndProject
Project("{FAE04EC0-301F-11D3-BF4B-00C04F79EFBC}") = "GameCatalog_V2.MainModule", "GameCatalog_V2.MainModule\GameCatalog_V2.MainModule.csproj", "{8A0AA266-E378-4C7B-BD5C-6E3D28552AF4}"
EndProject
Project("{FAE04EC0-301F-11D3-BF4B-00C04F79EFBC}") = "GameCatalog_V2.GamesModule", "GameCatalog_V2.GamesModule\GameCatalog_V2.GamesModule.csproj", "{C9B3CC1A-26CC-4CE2-BA92-6E82FA435E6C}"
EndProject
Project("{FAE04EC0-301F-11D3-BF4B-00C04F79EFBC}") = "GameCatalog_V2.GenresModule", "GameCatalog_V2.GenresModule\GameCatalog_V2.GenresModule.csproj", "{244568E1-C227-4776-9978-9F80B6AC2288}"
EndProject
Project("{FAE04EC0-301F-11D3-BF4B-00C04F79EFBC}") = "GameCatalog_V2.GameSearchModule", "GameCatalog_V2.GameSearchModule\GameCatalog_V2.GameSearchModule.csproj", "{5C8A1D8C-60F4-42F1-BF2C-C640D1128306}"
EndProject
Project("{FAE04EC0-301F-11D3-BF4B-00C04F79EFBC}") = "GameCatalog_V2.DeveloperModule", "GameCatalog_V2.DeveloperModule\GameCatalog_V2.DeveloperModule.csproj", "{D5E2FDC5-449D-44E4-B2FE-1CA13D56D250}"
EndProject
Global
	GlobalSection(SolutionConfigurationPlatforms) = preSolution
		Debug|Any CPU = Debug|Any CPU
		Release|Any CPU = Release|Any CPU
	EndGlobalSection
	GlobalSection(ProjectConfigurationPlatforms) = postSolution
		{8D6611C5-42B4-4582-921A-879A5DA0FDEE}.Debug|Any CPU.ActiveCfg = Debug|Any CPU
		{8D6611C5-42B4-4582-921A-879A5DA0FDEE}.Debug|Any CPU.Build.0 = Debug|Any CPU
		{8D6611C5-42B4-4582-921A-879A5DA0FDEE}.Release|Any CPU.ActiveCfg = Release|Any CPU
		{8D6611C5-42B4-4582-921A-879A5DA0FDEE}.Release|Any CPU.Build.0 = Release|Any CPU
		{AAE6CB1E-AB0A-4DEE-9E7A-9D66BBBB3969}.Debug|Any CPU.ActiveCfg = Debug|Any CPU
		{AAE6CB1E-AB0A-4DEE-9E7A-9D66BBBB3969}.Debug|Any CPU.Build.0 = Debug|Any CPU
		{AAE6CB1E-AB0A-4DEE-9E7A-9D66BBBB3969}.Release|Any CPU.ActiveCfg = Release|Any CPU
		{AAE6CB1E-AB0A-4DEE-9E7A-9D66BBBB3969}.Release|Any CPU.Build.0 = Release|Any CPU
		{8A0AA266-E378-4C7B-BD5C-6E3D28552AF4}.Debug|Any CPU.ActiveCfg = Debug|Any CPU
		{8A0AA266-E378-4C7B-BD5C-6E3D28552AF4}.Debug|Any CPU.Build.0 = Debug|Any CPU
		{8A0AA266-E378-4C7B-BD5C-6E3D28552AF4}.Release|Any CPU.ActiveCfg = Release|Any CPU
		{8A0AA266-E378-4C7B-BD5C-6E3D28552AF4}.Release|Any CPU.Build.0 = Release|Any CPU
		{C9B3CC1A-26CC-4CE2-BA92-6E82FA435E6C}.Debug|Any CPU.ActiveCfg = Debug|Any CPU
		{C9B3CC1A-26CC-4CE2-BA92-6E82FA435E6C}.Debug|Any CPU.Build.0 = Debug|Any CPU
		{C9B3CC1A-26CC-4CE2-BA92-6E82FA435E6C}.Release|Any CPU.ActiveCfg = Release|Any CPU
		{C9B3CC1A-26CC-4CE2-BA92-6E82FA435E6C}.Release|Any CPU.Build.0 = Release|Any CPU
		{244568E1-C227-4776-9978-9F80B6AC2288}.Debug|Any CPU.ActiveCfg = Debug|Any CPU
		{244568E1-C227-4776-9978-9F80B6AC2288}.Debug|Any CPU.Build.0 = Debug|Any CPU
		{244568E1-C227-4776-9978-9F80B6AC2288}.Release|Any CPU.ActiveCfg = Release|Any CPU
		{244568E1-C227-4776-9978-9F80B6AC2288}.Release|Any CPU.Build.0 = Release|Any CPU
		{5C8A1D8C-60F4-42F1-BF2C-C640D1128306}.Debug|Any CPU.ActiveCfg = Debug|Any CPU
		{5C8A1D8C-60F4-42F1-BF2C-C640D1128306}.Debug|Any CPU.Build.0 = Debug|Any CPU
		{5C8A1D8C-60F4-42F1-BF2C-C640D1128306}.Release|Any CPU.ActiveCfg = Release|Any CPU
		{5C8A1D8C-60F4-42F1-BF2C-C640D1128306}.Release|Any CPU.Build.0 = Release|Any CPU
		{D5E2FDC5-449D-44E4-B2FE-1CA13D56D250}.Debug|Any CPU.ActiveCfg = Debug|Any CPU
		{D5E2FDC5-449D-44E4-B2FE-1CA13D56D250}.Debug|Any CPU.Build.0 = Debug|Any CPU
		{D5E2FDC5-449D-44E4-B2FE-1CA13D56D250}.Release|Any CPU.ActiveCfg = Release|Any CPU
		{D5E2FDC5-449D-44E4-B2FE-1CA13D56D250}.Release|Any CPU.Build.0 = Release|Any CPU
	EndGlobalSection
	GlobalSection(SolutionProperties) = preSolution
		HideSolutionNode = FALSE
	EndGlobalSection
EndGlobal
